// !$*UTF8*$!
{
	archiveVersion = 1;
	classes = {
	};
	objectVersion = 46;
	objects = {

/* Begin PBXBuildFile section */
		4C635D4416BDCF280093B537 /* AsyncUdpSocket.m in Sources */ = {isa = PBXBuildFile; fileRef = 4C635D4316BDCF280093B537 /* AsyncUdpSocket.m */; };
		4C635D4616BDD8B90093B537 /* pointer3.png in Resources */ = {isa = PBXBuildFile; fileRef = 4C635D4516BDD8B90093B537 /* pointer3.png */; };
		4C9C2DD816BE3E30003467DC /* pointer1.png in Resources */ = {isa = PBXBuildFile; fileRef = 4C9C2DD616BE3E30003467DC /* pointer1.png */; };
		4C9C2DD916BE3E30003467DC /* pointer2.png in Resources */ = {isa = PBXBuildFile; fileRef = 4C9C2DD716BE3E30003467DC /* pointer2.png */; };
		4CB8441016BCEC1900A5440A /* Cocoa.framework in Frameworks */ = {isa = PBXBuildFile; fileRef = 4CB8440F16BCEC1900A5440A /* Cocoa.framework */; };
		4CB8441A16BCEC1900A5440A /* InfoPlist.strings in Resources */ = {isa = PBXBuildFile; fileRef = 4CB8441816BCEC1900A5440A /* InfoPlist.strings */; };
		4CB8441C16BCEC1900A5440A /* main.m in Sources */ = {isa = PBXBuildFile; fileRef = 4CB8441B16BCEC1900A5440A /* main.m */; };
		4CB8442016BCEC1900A5440A /* Credits.rtf in Resources */ = {isa = PBXBuildFile; fileRef = 4CB8441E16BCEC1900A5440A /* Credits.rtf */; };
		4CB8442316BCEC1900A5440A /* AppDelegate.m in Sources */ = {isa = PBXBuildFile; fileRef = 4CB8442216BCEC1900A5440A /* AppDelegate.m */; };
		4CB8442616BCEC1900A5440A /* MainMenu.xib in Resources */ = {isa = PBXBuildFile; fileRef = 4CB8442416BCEC1900A5440A /* MainMenu.xib */; };
/* End PBXBuildFile section */

/* Begin PBXFileReference section */
		4C635D4216BDCF280093B537 /* AsyncUdpSocket.h */ = {isa = PBXFileReference; fileEncoding = 4; lastKnownFileType = sourcecode.c.h; path = AsyncUdpSocket.h; sourceTree = "<group>"; };
		4C635D4316BDCF280093B537 /* AsyncUdpSocket.m */ = {isa = PBXFileReference; fileEncoding = 4; lastKnownFileType = sourcecode.c.objc; path = AsyncUdpSocket.m; sourceTree = "<group>"; };
		4C635D4516BDD8B90093B537 /* pointer3.png */ = {isa = PBXFileReference; lastKnownFileType = image.png; path = pointer3.png; sourceTree = "<group>"; };
		4C9C2DD616BE3E30003467DC /* pointer1.png */ = {isa = PBXFileReference; lastKnownFileType = image.png; path = pointer1.png; sourceTree = "<group>"; };
		4C9C2DD716BE3E30003467DC /* pointer2.png */ = {isa = PBXFileReference; lastKnownFileType = image.png; path = pointer2.png; sourceTree = "<group>"; };
		4CB8440B16BCEC1900A5440A /* ServerApp.app */ = {isa = PBXFileReference; explicitFileType = wrapper.application; includeInIndex = 0; path = ServerApp.app; sourceTree = BUILT_PRODUCTS_DIR; };
		4CB8440F16BCEC1900A5440A /* Cocoa.framework */ = {isa = PBXFileReference; lastKnownFileType = wrapper.framework; name = Cocoa.framework; path = System/Library/Frameworks/Cocoa.framework; sourceTree = SDKROOT; };
		4CB8441216BCEC1900A5440A /* AppKit.framework */ = {isa = PBXFileReference; lastKnownFileType = wrapper.framework; name = AppKit.framework; path = System/Library/Frameworks/AppKit.framework; sourceTree = SDKROOT; };
		4CB8441316BCEC1900A5440A /* CoreData.framework */ = {isa = PBXFileReference; lastKnownFileType = wrapper.framework; name = CoreData.framework; path = System/Library/Frameworks/CoreData.framework; sourceTree = SDKROOT; };
		4CB8441416BCEC1900A5440A /* Foundation.framework */ = {isa = PBXFileReference; lastKnownFileType = wrapper.framework; name = Foundation.framework; path = System/Library/Frameworks/Foundation.framework; sourceTree = SDKROOT; };
		4CB8441716BCEC1900A5440A /* ServerApp-Info.plist */ = {isa = PBXFileReference; lastKnownFileType = text.plist.xml; path = "ServerApp-Info.plist"; sourceTree = "<group>"; };
		4CB8441916BCEC1900A5440A /* en */ = {isa = PBXFileReference; lastKnownFileType = text.plist.strings; name = en; path = en.lproj/InfoPlist.strings; sourceTree = "<group>"; };
		4CB8441B16BCEC1900A5440A /* main.m */ = {isa = PBXFileReference; lastKnownFileType = sourcecode.c.objc; path = main.m; sourceTree = "<group>"; };
		4CB8441D16BCEC1900A5440A /* ServerApp-Prefix.pch */ = {isa = PBXFileReference; lastKnownFileType = sourcecode.c.h; path = "ServerApp-Prefix.pch"; sourceTree = "<group>"; };
		4CB8441F16BCEC1900A5440A /* en */ = {isa = PBXFileReference; lastKnownFileType = text.rtf; name = en; path = en.lproj/Credits.rtf; sourceTree = "<group>"; };
		4CB8442116BCEC1900A5440A /* AppDelegate.h */ = {isa = PBXFileReference; lastKnownFileType = sourcecode.c.h; path = AppDelegate.h; sourceTree = "<group>"; };
		4CB8442216BCEC1900A5440A /* AppDelegate.m */ = {isa = PBXFileReference; lastKnownFileType = sourcecode.c.objc; path = AppDelegate.m; sourceTree = "<group>"; };
		4CB8442516BCEC1900A5440A /* en */ = {isa = PBXFileReference; lastKnownFileType = file.xib; name = en; path = en.lproj/MainMenu.xib; sourceTree = "<group>"; };
/* End PBXFileReference section */

/* Begin PBXFrameworksBuildPhase section */
		4CB8440816BCEC1900A5440A /* Frameworks */ = {
			isa = PBXFrameworksBuildPhase;
			buildActionMask = 2147483647;
			files = (
				4CB8441016BCEC1900A5440A /* Cocoa.framework in Frameworks */,
			);
			runOnlyForDeploymentPostprocessing = 0;
		};
/* End PBXFrameworksBuildPhase section */

/* Begin PBXGroup section */
		4CB8440016BCEC1900A5440A = {
			isa = PBXGroup;
			children = (
				4CB8441516BCEC1900A5440A /* ServerApp */,
				4CB8440E16BCEC1900A5440A /* Frameworks */,
				4CB8440C16BCEC1900A5440A /* Products */,
			);
			sourceTree = "<group>";
		};
		4CB8440C16BCEC1900A5440A /* Products */ = {
			isa = PBXGroup;
			children = (
				4CB8440B16BCEC1900A5440A /* ServerApp.app */,
			);
			name = Products;
			sourceTree = "<group>";
		};
		4CB8440E16BCEC1900A5440A /* Frameworks */ = {
			isa = PBXGroup;
			children = (
				4CB8440F16BCEC1900A5440A /* Cocoa.framework */,
				4CB8441116BCEC1900A5440A /* Other Frameworks */,
			);
			name = Frameworks;
			sourceTree = "<group>";
		};
		4CB8441116BCEC1900A5440A /* Other Frameworks */ = {
			isa = PBXGroup;
			children = (
				4CB8441216BCEC1900A5440A /* AppKit.framework */,
				4CB8441316BCEC1900A5440A /* CoreData.framework */,
				4CB8441416BCEC1900A5440A /* Foundation.framework */,
			);
			name = "Other Frameworks";
			sourceTree = "<group>";
		};
		4CB8441516BCEC1900A5440A /* ServerApp */ = {
			isa = PBXGroup;
			children = (
				4CB8442116BCEC1900A5440A /* AppDelegate.h */,
				4CB8442216BCEC1900A5440A /* AppDelegate.m */,
				4C635D4216BDCF280093B537 /* AsyncUdpSocket.h */,
				4C635D4316BDCF280093B537 /* AsyncUdpSocket.m */,
				4CB8442416BCEC1900A5440A /* MainMenu.xib */,
				4C9C2DD616BE3E30003467DC /* pointer1.png */,
				4C9C2DD716BE3E30003467DC /* pointer2.png */,
				4C635D4516BDD8B90093B537 /* pointer3.png */,
				4CB8441616BCEC1900A5440A /* Supporting Files */,
			);
			path = ServerApp;
			sourceTree = "<group>";
		};
		4CB8441616BCEC1900A5440A /* Supporting Files */ = {
			isa = PBXGroup;
			children = (
				4CB8441716BCEC1900A5440A /* ServerApp-Info.plist */,
				4CB8441816BCEC1900A5440A /* InfoPlist.strings */,
				4CB8441B16BCEC1900A5440A /* main.m */,
				4CB8441D16BCEC1900A5440A /* ServerApp-Prefix.pch */,
				4CB8441E16BCEC1900A5440A /* Credits.rtf */,
			);
			name = "Supporting Files";
			sourceTree = "<group>";
		};
/* End PBXGroup section */

/* Begin PBXNativeTarget section */
		4CB8440A16BCEC1900A5440A /* ServerApp */ = {
			isa = PBXNativeTarget;
			buildConfigurationList = 4CB8442916BCEC1900A5440A /* Build configuration list for PBXNativeTarget "ServerApp" */;
			buildPhases = (
				4CB8440716BCEC1900A5440A /* Sources */,
				4CB8440816BCEC1900A5440A /* Frameworks */,
				4CB8440916BCEC1900A5440A /* Resources */,
			);
			buildRules = (
			);
			dependencies = (
			);
			name = ServerApp;
			productName = ServerApp;
			productReference = 4CB8440B16BCEC1900A5440A /* ServerApp.app */;
			productType = "com.apple.product-type.application";
		};
/* End PBXNativeTarget section */

/* Begin PBXProject section */
		4CB8440216BCEC1900A5440A /* Project object */ = {
			isa = PBXProject;
			attributes = {
				LastUpgradeCheck = 0450;
				ORGANIZATIONNAME = "Ishaan Gulrajani";
			};
			buildConfigurationList = 4CB8440516BCEC1900A5440A /* Build configuration list for PBXProject "ServerApp" */;
			compatibilityVersion = "Xcode 3.2";
			developmentRegion = English;
			hasScannedForEncodings = 0;
			knownRegions = (
				en,
			);
			mainGroup = 4CB8440016BCEC1900A5440A;
			productRefGroup = 4CB8440C16BCEC1900A5440A /* Products */;
			projectDirPath = "";
			projectRoot = "";
			targets = (
				4CB8440A16BCEC1900A5440A /* ServerApp */,
			);
		};
/* End PBXProject section */

/* Begin PBXResourcesBuildPhase section */
		4CB8440916BCEC1900A5440A /* Resources */ = {
			isa = PBXResourcesBuildPhase;
			buildActionMask = 2147483647;
			files = (
				4CB8441A16BCEC1900A5440A /* InfoPlist.strings in Resources */,
				4CB8442016BCEC1900A5440A /* Credits.rtf in Resources */,
				4CB8442616BCEC1900A5440A /* MainMenu.xib in Resources */,
				4C635D4616BDD8B90093B537 /* pointer3.png in Resources */,
				4C9C2DD816BE3E30003467DC /* pointer1.png in Resources */,
				4C9C2DD916BE3E30003467DC /* pointer2.png in Resources */,
			);
			runOnlyForDeploymentPostprocessing = 0;
		};
/* End PBXResourcesBuildPhase section */

/* Begin PBXSourcesBuildPhase section */
		4CB8440716BCEC1900A5440A /* Sources */ = {
			isa = PBXSourcesBuildPhase;
			buildActionMask = 2147483647;
			files = (
				4CB8441C16BCEC1900A5440A /* main.m in Sources */,
				4CB8442316BCEC1900A5440A /* AppDelegate.m in Sources */,
				4C635D4416BDCF280093B537 /* AsyncUdpSocket.m in Sources */,
			);
			runOnlyForDeploymentPostprocessing = 0;
		};
/* End PBXSourcesBuildPhase section */

/* Begin PBXVariantGroup section */
		4CB8441816BCEC1900A5440A /* InfoPlist.strings */ = {
			isa = PBXVariantGroup;
			children = (
				4CB8441916BCEC1900A5440A /* en */,
			);
			name = InfoPlist.strings;
			sourceTree = "<group>";
		};
		4CB8441E16BCEC1900A5440A /* Credits.rtf */ = {
			isa = PBXVariantGroup;
			children = (
				4CB8441F16BCEC1900A5440A /* en */,
			);
			name = Credits.rtf;
			sourceTree = "<group>";
		};
		4CB8442416BCEC1900A5440A /* MainMenu.xib */ = {
			isa = PBXVariantGroup;
			children = (
				4CB8442516BCEC1900A5440A /* en */,
			);
			name = MainMenu.xib;
			sourceTree = "<group>";
		};
/* End PBXVariantGroup section */

/* Begin XCBuildConfiguration section */
		4CB8442716BCEC1900A5440A /* Debug */ = {
			isa = XCBuildConfiguration;
			buildSettings = {
				ALWAYS_SEARCH_USER_PATHS = NO;
				ARCHS = "$(ARCHS_STANDARD_64_BIT)";
				CLANG_CXX_LANGUAGE_STANDARD = "gnu++0x";
				CLANG_CXX_LIBRARY = "libc++";
				CLANG_ENABLE_OBJC_ARC = YES;
				CLANG_WARN_EMPTY_BODY = YES;
				CLANG_WARN__DUPLICATE_METHOD_MATCH = YES;
				COPY_PHASE_STRIP = NO;
				GCC_C_LANGUAGE_STANDARD = gnu99;
				GCC_DYNAMIC_NO_PIC = NO;
				GCC_ENABLE_OBJC_EXCEPTIONS = YES;
				GCC_OPTIMIZATION_LEVEL = 0;
				GCC_PREPROCESSOR_DEFINITIONS = (
					"DEBUG=1",
					"$(inherited)",
				);
				GCC_SYMBOLS_PRIVATE_EXTERN = NO;
				GCC_WARN_64_TO_32_BIT_CONVERSION = YES;
				GCC_WARN_ABOUT_RETURN_TYPE = YES;
				GCC_WARN_UNINITIALIZED_AUTOS = YES;
				GCC_WARN_UNUSED_VARIABLE = YES;
				MACOSX_DEPLOYMENT_TARGET = 10.8;
				ONLY_ACTIVE_ARCH = YES;
				SDKROOT = macosx;
			};
			name = Debug;
		};
		4CB8442816BCEC1900A5440A /* Release */ = {
			isa = XCBuildConfiguration;
			buildSettings = {
				ALWAYS_SEARCH_USER_PATHS = NO;
				ARCHS = "$(ARCHS_STANDARD_64_BIT)";
				CLANG_CXX_LANGUAGE_STANDARD = "gnu++0x";
				CLANG_CXX_LIBRARY = "libc++";
				CLANG_ENABLE_OBJC_ARC = YES;
				CLANG_WARN_EMPTY_BODY = YES;
				CLANG_WARN__DUPLICATE_METHOD_MATCH = YES;
				COPY_PHASE_STRIP = YES;
				DEBUG_INFORMATION_FORMAT = "dwarf-with-dsym";
				GCC_C_LANGUAGE_STANDARD = gnu99;
				GCC_ENABLE_OBJC_EXCEPTIONS = YES;
				GCC_WARN_64_TO_32_BIT_CONVERSION = YES;
				GCC_WARN_ABOUT_RETURN_TYPE = YES;
				GCC_WARN_UNINITIALIZED_AUTOS = YES;
				GCC_WARN_UNUSED_VARIABLE = YES;
				MACOSX_DEPLOYMENT_TARGET = 10.8;
				SDKROOT = macosx;
			};
			name = Release;
		};
		4CB8442A16BCEC1900A5440A /* Debug */ = {
			isa = XCBuildConfiguration;
			buildSettings = {
				COMBINE_HIDPI_IMAGES = YES;
				GCC_PRECOMPILE_PREFIX_HEADER = YES;
				GCC_PREFIX_HEADER = "ServerApp/ServerApp-Prefix.pch";
				INFOPLIST_FILE = "ServerApp/ServerApp-Info.plist";
				PRODUCT_NAME = "$(TARGET_NAME)";
				WRAPPER_EXTENSION = app;
			};
			name = Debug;
		};
		4CB8442B16BCEC1900A5440A /* Release */ = {
			isa = XCBuildConfiguration;
			buildSettings = {
				COMBINE_HIDPI_IMAGES = YES;
				GCC_PRECOMPILE_PREFIX_HEADER = YES;
				GCC_PREFIX_HEADER = "ServerApp/ServerApp-Prefix.pch";
				INFOPLIST_FILE = "ServerApp/ServerApp-Info.plist";
				PRODUCT_NAME = "$(TARGET_NAME)";
				WRAPPER_EXTENSION = app;
			};
			name = Release;
		};
/* End XCBuildConfiguration section */

/* Begin XCConfigurationList section */
		4CB8440516BCEC1900A5440A /* Build configuration list for PBXProject "ServerApp" */ = {
			isa = XCConfigurationList;
			buildConfigurations = (
				4CB8442716BCEC1900A5440A /* Debug */,
				4CB8442816BCEC1900A5440A /* Release */,
			);
			defaultConfigurationIsVisible = 0;
			defaultConfigurationName = Release;
		};
		4CB8442916BCEC1900A5440A /* Build configuration list for PBXNativeTarget "ServerApp" */ = {
			isa = XCConfigurationList;
			buildConfigurations = (
				4CB8442A16BCEC1900A5440A /* Debug */,
				4CB8442B16BCEC1900A5440A /* Release */,
			);
			defaultConfigurationIsVisible = 0;
			defaultConfigurationName = Release;
		};
/* End XCConfigurationList section */
	};
	rootObject = 4CB8440216BCEC1900A5440A /* Project object */;
}
